
Microsoft Visual Studio Solution File, Format Version 12.00
# Visual Studio Version 17
VisualStudioVersion = 17.11.35303.130
MinimumVisualStudioVersion = 10.0.40219.1
Project("{FAE04EC0-301F-11D3-BF4B-00C04F79EFBC}") = "Task7.0", "Task7.0.csproj", "{68DEDA44-9493-4260-8077-6FFDBAD07A89}"
EndProject
Global
	GlobalSection(SolutionConfigurationPlatforms) = preSolution
		Debug|Any CPU = Debug|Any CPU
		Release|Any CPU = Release|Any CPU
	EndGlobalSection
	GlobalSection(ProjectConfigurationPlatforms) = postSolution
		{68DEDA44-9493-4260-8077-6FFDBAD07A89}.Debug|Any CPU.ActiveCfg = Debug|Any CPU
		{68DEDA44-9493-4260-8077-6FFDBAD07A89}.Debug|Any CPU.Build.0 = Debug|Any CPU
		{68DEDA44-9493-4260-8077-6FFDBAD07A89}.Release|Any CPU.ActiveCfg = Release|Any CPU
		{68DEDA44-9493-4260-8077-6FFDBAD07A89}.Release|Any CPU.Build.0 = Release|Any CPU
	EndGlobalSection
	GlobalSection(SolutionProperties) = preSolution
		HideSolutionNode = FALSE
	EndGlobalSection
	GlobalSection(ExtensibilityGlobals) = postSolution
		SolutionGuid = {78BF69E4-7A82-40EB-A17D-52E9C50B54E0}
	EndGlobalSection
EndGlobal
